// !$*UTF8*$!
{
	archiveVersion = 1;
	classes = {
	};
	objectVersion = 46;
	objects = {

/* Begin PBXBuildFile section */
		9B5938F7187A911B00251BC5 /* TwitterShareRequest.h in Resources */ = {isa = PBXBuildFile; fileRef = 9B59385E187A911B00251BC5 /* TwitterShareRequest.h */; };
		9B5938F9187A911B00251BC5 /* TwitterBaseRequest.h in Resources */ = {isa = PBXBuildFile; fileRef = 9B593860187A911B00251BC5 /* TwitterBaseRequest.h */; };
		9B5938FB187A911B00251BC5 /* TwitterConstants.h in Resources */ = {isa = PBXBuildFile; fileRef = 9B593862187A911B00251BC5 /* TwitterConstants.h */; };
		9B5938FD187A911B00251BC5 /* TwitterDirectMessageRequest.h in Resources */ = {isa = PBXBuildFile; fileRef = 9B593864187A911B00251BC5 /* TwitterDirectMessageRequest.h */; };
		9B5938FF187A911B00251BC5 /* TwitterFollwersRequest.h in Resources */ = {isa = PBXBuildFile; fileRef = 9B593866187A911B00251BC5 /* TwitterFollwersRequest.h */; };
		9B593901187A911B00251BC5 /* TwitterFriendsRequest.h in Resources */ = {isa = PBXBuildFile; fileRef = 9B593868187A911B00251BC5 /* TwitterFriendsRequest.h */; };
		9B593903187A911B00251BC5 /* TwitterUserLookUpRequest.h in Resources */ = {isa = PBXBuildFile; fileRef = 9B59386A187A911B00251BC5 /* TwitterUserLookUpRequest.h */; };
		9B593905187A911B00251BC5 /* TwitterProfileRequest.h in Resources */ = {isa = PBXBuildFile; fileRef = 9B59386C187A911B00251BC5 /* TwitterProfileRequest.h */; };
		9B593907187A911B00251BC5 /* NSData+SBJson.h in Resources */ = {isa = PBXBuildFile; fileRef = 9B59386F187A911B00251BC5 /* NSData+SBJson.h */; };
		9B593909187A911B00251BC5 /* Facebook.h in Resources */ = {isa = PBXBuildFile; fileRef = 9B593872187A911B00251BC5 /* Facebook.h */; };
		9B59390A187A911B00251BC5 /* FacebookSDK.h in Resources */ = {isa = PBXBuildFile; fileRef = 9B593873187A911B00251BC5 /* FacebookSDK.h */; };
		9B59390B187A911B00251BC5 /* FBCacheDescriptor.h in Resources */ = {isa = PBXBuildFile; fileRef = 9B593874187A911B00251BC5 /* FBCacheDescriptor.h */; };
		9B59390C187A911B00251BC5 /* FBConnect.h in Resources */ = {isa = PBXBuildFile; fileRef = 9B593875187A911B00251BC5 /* FBConnect.h */; };
		9B59390D187A911B00251BC5 /* FBDialog.h in Resources */ = {isa = PBXBuildFile; fileRef = 9B593876187A911B00251BC5 /* FBDialog.h */; };
		9B59390E187A911B00251BC5 /* FBError.h in Resources */ = {isa = PBXBuildFile; fileRef = 9B593877187A911B00251BC5 /* FBError.h */; };
		9B59390F187A911B00251BC5 /* FBFrictionlessRequestSettings.h in Resources */ = {isa = PBXBuildFile; fileRef = 9B593878187A911B00251BC5 /* FBFrictionlessRequestSettings.h */; };
		9B593910187A911B00251BC5 /* FBFriendPickerViewController.h in Resources */ = {isa = PBXBuildFile; fileRef = 9B593879187A911B00251BC5 /* FBFriendPickerViewController.h */; };
		9B593911187A911B00251BC5 /* FBGraphLocation.h in Resources */ = {isa = PBXBuildFile; fileRef = 9B59387A187A911B00251BC5 /* FBGraphLocation.h */; };
		9B593912187A911B00251BC5 /* FBGraphObject.h in Resources */ = {isa = PBXBuildFile; fileRef = 9B59387B187A911B00251BC5 /* FBGraphObject.h */; };
		9B593913187A911B00251BC5 /* FBGraphPlace.h in Resources */ = {isa = PBXBuildFile; fileRef = 9B59387C187A911B00251BC5 /* FBGraphPlace.h */; };
		9B593914187A911B00251BC5 /* FBGraphUser.h in Resources */ = {isa = PBXBuildFile; fileRef = 9B59387D187A911B00251BC5 /* FBGraphUser.h */; };
		9B593915187A911B00251BC5 /* FBLoginDialog.h in Resources */ = {isa = PBXBuildFile; fileRef = 9B59387E187A911B00251BC5 /* FBLoginDialog.h */; };
		9B593916187A911B00251BC5 /* FBLoginView.h in Resources */ = {isa = PBXBuildFile; fileRef = 9B59387F187A911B00251BC5 /* FBLoginView.h */; };
		9B593917187A911B00251BC5 /* FBNativeDialogs.h in Resources */ = {isa = PBXBuildFile; fileRef = 9B593880187A911B00251BC5 /* FBNativeDialogs.h */; };
		9B593918187A911B00251BC5 /* FBOpenGraphAction.h in Resources */ = {isa = PBXBuildFile; fileRef = 9B593881187A911B00251BC5 /* FBOpenGraphAction.h */; };
		9B593919187A911B00251BC5 /* FBPlacePickerViewController.h in Resources */ = {isa = PBXBuildFile; fileRef = 9B593882187A911B00251BC5 /* FBPlacePickerViewController.h */; };
		9B59391A187A911B00251BC5 /* FBProfilePictureView.h in Resources */ = {isa = PBXBuildFile; fileRef = 9B593883187A911B00251BC5 /* FBProfilePictureView.h */; };
		9B59391B187A911B00251BC5 /* FBRequest.h in Resources */ = {isa = PBXBuildFile; fileRef = 9B593884187A911B00251BC5 /* FBRequest.h */; };
		9B59391C187A911B00251BC5 /* FBRequestConnection.h in Resources */ = {isa = PBXBuildFile; fileRef = 9B593885187A911B00251BC5 /* FBRequestConnection.h */; };
		9B59391D187A911B00251BC5 /* FBSBJSON.h in Resources */ = {isa = PBXBuildFile; fileRef = 9B593886187A911B00251BC5 /* FBSBJSON.h */; };
		9B59391E187A911B00251BC5 /* FBSBJsonBase.h in Resources */ = {isa = PBXBuildFile; fileRef = 9B593887187A911B00251BC5 /* FBSBJsonBase.h */; };
		9B59391F187A911B00251BC5 /* FBSBJsonParser.h in Resources */ = {isa = PBXBuildFile; fileRef = 9B593888187A911B00251BC5 /* FBSBJsonParser.h */; };
		9B593920187A911B00251BC5 /* FBSBJsonWriter.h in Resources */ = {isa = PBXBuildFile; fileRef = 9B593889187A911B00251BC5 /* FBSBJsonWriter.h */; };
		9B593921187A911B00251BC5 /* FBSession.h in Resources */ = {isa = PBXBuildFile; fileRef = 9B59388A187A911B00251BC5 /* FBSession.h */; };
		9B593922187A911B00251BC5 /* FBSessionManualTokenCachingStrategy.h in Resources */ = {isa = PBXBuildFile; fileRef = 9B59388B187A911B00251BC5 /* FBSessionManualTokenCachingStrategy.h */; };
		9B593923187A911B00251BC5 /* FBSessionTokenCachingStrategy.h in Resources */ = {isa = PBXBuildFile; fileRef = 9B59388C187A911B00251BC5 /* FBSessionTokenCachingStrategy.h */; };
		9B593924187A911B00251BC5 /* FBSettings.h in Resources */ = {isa = PBXBuildFile; fileRef = 9B59388D187A911B00251BC5 /* FBSettings.h */; };
		9B593925187A911B00251BC5 /* FBTestSession.h in Resources */ = {isa = PBXBuildFile; fileRef = 9B59388E187A911B00251BC5 /* FBTestSession.h */; };
		9B593926187A911B00251BC5 /* FBUserSettingsViewController.h in Resources */ = {isa = PBXBuildFile; fileRef = 9B59388F187A911B00251BC5 /* FBUserSettingsViewController.h */; };
		9B593927187A911B00251BC5 /* FBViewController.h in Resources */ = {isa = PBXBuildFile; fileRef = 9B593890187A911B00251BC5 /* FBViewController.h */; };
		9B593928187A911B00251BC5 /* FacebookGraphAppRequest.h in Resources */ = {isa = PBXBuildFile; fileRef = 9B593892187A911B00251BC5 /* FacebookGraphAppRequest.h */; };
		9B59392A187A911B00251BC5 /* FacebookAppRequest.h in Resources */ = {isa = PBXBuildFile; fileRef = 9B593894187A911B00251BC5 /* FacebookAppRequest.h */; };
		9B59392C187A911B00251BC5 /* FacebookEventsRequest.h in Resources */ = {isa = PBXBuildFile; fileRef = 9B593896187A911B00251BC5 /* FacebookEventsRequest.h */; };
		9B59392E187A911B00251BC5 /* FacebookFriendsRequest.h in Resources */ = {isa = PBXBuildFile; fileRef = 9B593898187A911B00251BC5 /* FacebookFriendsRequest.h */; };
		9B593930187A911B00251BC5 /* FacebookPathsConstants.h in Resources */ = {isa = PBXBuildFile; fileRef = 9B59389A187A911B00251BC5 /* FacebookPathsConstants.h */; };
		9B593932187A911B00251BC5 /* FacebookPostFriendsWallRequest.h in Resources */ = {isa = PBXBuildFile; fileRef = 9B59389C187A911B00251BC5 /* FacebookPostFriendsWallRequest.h */; };
		9B593934187A911B00251BC5 /* FacebookRequest.h in Resources */ = {isa = PBXBuildFile; fileRef = 9B59389E187A911B00251BC5 /* FacebookRequest.h */; };
		9B593936187A911B00251BC5 /* FacebookUserDetailRequest.h in Resources */ = {isa = PBXBuildFile; fileRef = 9B5938A0187A911B00251BC5 /* FacebookUserDetailRequest.h */; };
		9B593938187A911B00251BC5 /* FacebookUserProfilePictureRequest.h in Resources */ = {isa = PBXBuildFile; fileRef = 9B5938A2187A911B00251BC5 /* FacebookUserProfilePictureRequest.h */; };
		9B59393A187A911B00251BC5 /* MutipleRequestHandler.h in Resources */ = {isa = PBXBuildFile; fileRef = 9B5938A4187A911B00251BC5 /* MutipleRequestHandler.h */; };
		9B59393C187A911B00251BC5 /* FQLRequest.h in Resources */ = {isa = PBXBuildFile; fileRef = 9B5938A6187A911B00251BC5 /* FQLRequest.h */; };
		9B59393E187A911B00251BC5 /* FQLFriendsBaseOnNotification.h in Resources */ = {isa = PBXBuildFile; fileRef = 9B5938A8187A911B00251BC5 /* FQLFriendsBaseOnNotification.h */; };
		9B593940187A911B00251BC5 /* FacebookPhotoUpload.h in Resources */ = {isa = PBXBuildFile; fileRef = 9B5938AA187A911B00251BC5 /* FacebookPhotoUpload.h */; };
		9B593942187A911B00251BC5 /* Jastor.h in Resources */ = {isa = PBXBuildFile; fileRef = 9B5938AE187A911B00251BC5 /* Jastor.h */; };
		9B593944187A911B00251BC5 /* JastorRuntimeHelper.h in Resources */ = {isa = PBXBuildFile; fileRef = 9B5938B0187A911B00251BC5 /* JastorRuntimeHelper.h */; };
		9B593946187A911B00251BC5 /* BaseDelegate.h in Resources */ = {isa = PBXBuildFile; fileRef = 9B5938B3187A911B00251BC5 /* BaseDelegate.h */; };
		9B593948187A911B00251BC5 /* LinkedInBaseRequest.h in Resources */ = {isa = PBXBuildFile; fileRef = 9B5938B6187A911B00251BC5 /* LinkedInBaseRequest.h */; };
		9B59394A187A911B00251BC5 /* LinkedInConstants.h in Resources */ = {isa = PBXBuildFile; fileRef = 9B5938B8187A911B00251BC5 /* LinkedInConstants.h */; };
		9B59394C187A911B00251BC5 /* LinkedInFriendsListRequest.h in Resources */ = {isa = PBXBuildFile; fileRef = 9B5938BA187A911B00251BC5 /* LinkedInFriendsListRequest.h */; };
		9B59394E187A911B00251BC5 /* LinkedInMessageFriendRequest.h in Resources */ = {isa = PBXBuildFile; fileRef = 9B5938BC187A911B00251BC5 /* LinkedInMessageFriendRequest.h */; };
		9B593950187A911B00251BC5 /* LinkedInProfileRequest.h in Resources */ = {isa = PBXBuildFile; fileRef = 9B5938BE187A911B00251BC5 /* LinkedInProfileRequest.h */; };
		9B593952187A911B00251BC5 /* LinkedInShareRequest.h in Resources */ = {isa = PBXBuildFile; fileRef = 9B5938C0187A911B00251BC5 /* LinkedInShareRequest.h */; };
		9B593954187A911B00251BC5 /* NSMutableURLRequest+Parameters.h in Resources */ = {isa = PBXBuildFile; fileRef = 9B5938C3187A911B00251BC5 /* NSMutableURLRequest+Parameters.h */; };
		9B593956187A911C00251BC5 /* NSString+URLEncoding.h in Resources */ = {isa = PBXBuildFile; fileRef = 9B5938C5187A911B00251BC5 /* NSString+URLEncoding.h */; };
		9B593958187A911C00251BC5 /* NSURL+Base.h in Resources */ = {isa = PBXBuildFile; fileRef = 9B5938C7187A911B00251BC5 /* NSURL+Base.h */; };
		9B59395B187A911C00251BC5 /* Base64Transcoder.h in Resources */ = {isa = PBXBuildFile; fileRef = 9B5938CB187A911B00251BC5 /* Base64Transcoder.h */; };
		9B59395D187A911C00251BC5 /* hmac.h in Resources */ = {isa = PBXBuildFile; fileRef = 9B5938CD187A911B00251BC5 /* hmac.h */; };
		9B59395F187A911C00251BC5 /* sha1.h in Resources */ = {isa = PBXBuildFile; fileRef = 9B5938CF187A911B00251BC5 /* sha1.h */; };
		9B593960187A911C00251BC5 /* OAuthLoginView.h in Resources */ = {isa = PBXBuildFile; fileRef = 9B5938D1187A911B00251BC5 /* OAuthLoginView.h */; };
		9B593962187A911C00251BC5 /* OAuthLoginView.xib in Resources */ = {isa = PBXBuildFile; fileRef = 9B5938D3187A911B00251BC5 /* OAuthLoginView.xib */; };
		9B593963187A911C00251BC5 /* JSONKit.h in Resources */ = {isa = PBXBuildFile; fileRef = 9B5938D5187A911B00251BC5 /* JSONKit.h */; };
		9B593965187A911C00251BC5 /* OAAtachmentF.h in Resources */ = {isa = PBXBuildFile; fileRef = 9B5938D7187A911B00251BC5 /* OAAtachmentF.h */; };
		9B593966187A911C00251BC5 /* OAAttachment.h in Resources */ = {isa = PBXBuildFile; fileRef = 9B5938D8187A911B00251BC5 /* OAAttachment.h */; };
		9B593968187A911C00251BC5 /* OACall.h in Resources */ = {isa = PBXBuildFile; fileRef = 9B5938DA187A911B00251BC5 /* OACall.h */; };
		9B59396A187A911C00251BC5 /* OAConsumer.h in Resources */ = {isa = PBXBuildFile; fileRef = 9B5938DC187A911B00251BC5 /* OAConsumer.h */; };
		9B59396C187A911C00251BC5 /* OADataFetcher.h in Resources */ = {isa = PBXBuildFile; fileRef = 9B5938DE187A911B00251BC5 /* OADataFetcher.h */; };
		9B59396E187A911C00251BC5 /* OAHMAC_SHA1SignatureProvider.h in Resources */ = {isa = PBXBuildFile; fileRef = 9B5938E0187A911B00251BC5 /* OAHMAC_SHA1SignatureProvider.h */; };
		9B593970187A911C00251BC5 /* OAMutableURLRequest.h in Resources */ = {isa = PBXBuildFile; fileRef = 9B5938E2187A911B00251BC5 /* OAMutableURLRequest.h */; };
		9B593972187A911C00251BC5 /* OAPlaintextSignatureProvider.h in Resources */ = {isa = PBXBuildFile; fileRef = 9B5938E4187A911B00251BC5 /* OAPlaintextSignatureProvider.h */; };
		9B593974187A911C00251BC5 /* OAProblem.h in Resources */ = {isa = PBXBuildFile; fileRef = 9B5938E6187A911B00251BC5 /* OAProblem.h */; };
		9B593976187A911C00251BC5 /* OARequestParameter.h in Resources */ = {isa = PBXBuildFile; fileRef = 9B5938E8187A911B00251BC5 /* OARequestParameter.h */; };
		9B593978187A911C00251BC5 /* OAServiceTicket.h in Resources */ = {isa = PBXBuildFile; fileRef = 9B5938EA187A911B00251BC5 /* OAServiceTicket.h */; };
		9B59397A187A911C00251BC5 /* OASignatureProviding.h in Resources */ = {isa = PBXBuildFile; fileRef = 9B5938EC187A911B00251BC5 /* OASignatureProviding.h */; };
		9B59397B187A911C00251BC5 /* OAToken.h in Resources */ = {isa = PBXBuildFile; fileRef = 9B5938ED187A911B00251BC5 /* OAToken.h */; };
		9B59397D187A911C00251BC5 /* OATokenManager.h in Resources */ = {isa = PBXBuildFile; fileRef = 9B5938EF187A911B00251BC5 /* OATokenManager.h */; };
		9B59397F187A911C00251BC5 /* OAuthConsumer.h in Resources */ = {isa = PBXBuildFile; fileRef = 9B5938F1187A911B00251BC5 /* OAuthConsumer.h */; };
		9B593981187A92EA00251BC5 /* FacebookSDK.framework in Frameworks */ = {isa = PBXBuildFile; fileRef = 9B78BF5616809E7900031F02 /* FacebookSDK.framework */; };
		9B593982187A92F000251BC5 /* libSocialConnectLibrary.a in Frameworks */ = {isa = PBXBuildFile; fileRef = 9B59385B187A90FD00251BC5 /* libSocialConnectLibrary.a */; };
		9B8432E716807FE9000F0A74 /* Accounts.framework in Frameworks */ = {isa = PBXBuildFile; fileRef = 9BEE2E2C16634B0A00138C54 /* Accounts.framework */; settings = {ATTRIBUTES = (Weak, ); }; };
		9B8432E816807FF3000F0A74 /* AdSupport.framework in Frameworks */ = {isa = PBXBuildFile; fileRef = 9BEE2E2E16634B0F00138C54 /* AdSupport.framework */; settings = {ATTRIBUTES = (Weak, ); }; };
		9B8432E916807FFE000F0A74 /* Social.framework in Frameworks */ = {isa = PBXBuildFile; fileRef = 9B94DE3F166371F500A9D055 /* Social.framework */; settings = {ATTRIBUTES = (Weak, ); }; };
		9BEE2E00166348AD00138C54 /* UIKit.framework in Frameworks */ = {isa = PBXBuildFile; fileRef = 9BEE2DFF166348AD00138C54 /* UIKit.framework */; };
		9BEE2E02166348AD00138C54 /* Foundation.framework in Frameworks */ = {isa = PBXBuildFile; fileRef = 9BEE2E01166348AD00138C54 /* Foundation.framework */; };
		9BEE2E04166348AD00138C54 /* CoreGraphics.framework in Frameworks */ = {isa = PBXBuildFile; fileRef = 9BEE2E03166348AD00138C54 /* CoreGraphics.framework */; };
		9BEE2E0A166348AD00138C54 /* InfoPlist.strings in Resources */ = {isa = PBXBuildFile; fileRef = 9BEE2E08166348AD00138C54 /* InfoPlist.strings */; };
		9BEE2E0C166348AD00138C54 /* main.m in Sources */ = {isa = PBXBuildFile; fileRef = 9BEE2E0B166348AD00138C54 /* main.m */; };
		9BEE2E10166348AD00138C54 /* SocialLibTestingAppDelegate.m in Sources */ = {isa = PBXBuildFile; fileRef = 9BEE2E0F166348AD00138C54 /* SocialLibTestingAppDelegate.m */; };
		9BEE2E12166348AD00138C54 /* Default.png in Resources */ = {isa = PBXBuildFile; fileRef = 9BEE2E11166348AD00138C54 /* Default.png */; };
		9BEE2E14166348AD00138C54 /* Default@2x.png in Resources */ = {isa = PBXBuildFile; fileRef = 9BEE2E13166348AD00138C54 /* Default@2x.png */; };
		9BEE2E16166348AD00138C54 /* Default-568h@2x.png in Resources */ = {isa = PBXBuildFile; fileRef = 9BEE2E15166348AD00138C54 /* Default-568h@2x.png */; };
		9BEE2E19166348AD00138C54 /* MainStoryboard.storyboard in Resources */ = {isa = PBXBuildFile; fileRef = 9BEE2E17166348AD00138C54 /* MainStoryboard.storyboard */; };
		9BEE2E1C166348AD00138C54 /* SocialLibTestingViewController.m in Sources */ = {isa = PBXBuildFile; fileRef = 9BEE2E1B166348AD00138C54 /* SocialLibTestingViewController.m */; };
		9BEE2E3116634B5800138C54 /* Twitter.framework in Frameworks */ = {isa = PBXBuildFile; fileRef = 9BEE2E3016634B5800138C54 /* Twitter.framework */; settings = {ATTRIBUTES = (Weak, ); }; };
		9BF12D2416762EBC0089C0A4 /* HFViewController.m in Sources */ = {isa = PBXBuildFile; fileRef = 9BF12D2316762EBC0089C0A4 /* HFViewController.m */; };
		9BF12D2616762EE80089C0A4 /* HFViewController_iPhone.xib in Resources */ = {isa = PBXBuildFile; fileRef = 9BF12D2516762EE80089C0A4 /* HFViewController_iPhone.xib */; };
/* End PBXBuildFile section */

/* Begin PBXContainerItemProxy section */
		9B59385A187A90FD00251BC5 /* PBXContainerItemProxy */ = {
			isa = PBXContainerItemProxy;
			containerPortal = 9B593855187A90FD00251BC5 /* SocialConnectLibrary.xcodeproj */;
			proxyType = 2;
			remoteGlobalIDString = 9BC042B41642D2560013C8FD;
			remoteInfo = SocialConnectLibrary;
		};
		9B59385C187A90FD00251BC5 /* PBXContainerItemProxy */ = {
			isa = PBXContainerItemProxy;
			containerPortal = 9B593855187A90FD00251BC5 /* SocialConnectLibrary.xcodeproj */;
			proxyType = 2;
			remoteGlobalIDString = 9B2E79A817253E8800C1A5AD;
			remoteInfo = SocialConnetBundle;
		};
/* End PBXContainerItemProxy section */

/* Begin PBXFileReference section */
		9B593855187A90FD00251BC5 /* SocialConnectLibrary.xcodeproj */ = {isa = PBXFileReference; lastKnownFileType = "wrapper.pb-project"; name = SocialConnectLibrary.xcodeproj; path = ../SocialLibrary/SocialConnectLibrary.xcodeproj; sourceTree = "<group>"; };
		9B59385E187A911B00251BC5 /* TwitterShareRequest.h */ = {isa = PBXFileReference; fileEncoding = 4; lastKnownFileType = file; name = TwitterShareRequest.h; path = TwitterLib/TwitterShareRequest.h; sourceTree = "<group>"; };
		9B593860187A911B00251BC5 /* TwitterBaseRequest.h */ = {isa = PBXFileReference; fileEncoding = 4; lastKnownFileType = file; path = TwitterBaseRequest.h; sourceTree = "<group>"; };
		9B593862187A911B00251BC5 /* TwitterConstants.h */ = {isa = PBXFileReference; fileEncoding = 4; lastKnownFileType = file; path = TwitterConstants.h; sourceTree = "<group>"; };
		9B593864187A911B00251BC5 /* TwitterDirectMessageRequest.h */ = {isa = PBXFileReference; fileEncoding = 4; lastKnownFileType = file; path = TwitterDirectMessageRequest.h; sourceTree = "<group>"; };
		9B593866187A911B00251BC5 /* TwitterFollwersRequest.h */ = {isa = PBXFileReference; fileEncoding = 4; lastKnownFileType = file; path = TwitterFollwersRequest.h; sourceTree = "<group>"; };
		9B593868187A911B00251BC5 /* TwitterFriendsRequest.h */ = {isa = PBXFileReference; fileEncoding = 4; lastKnownFileType = file; path = TwitterFriendsRequest.h; sourceTree = "<group>"; };
		9B59386A187A911B00251BC5 /* TwitterUserLookUpRequest.h */ = {isa = PBXFileReference; fileEncoding = 4; lastKnownFileType = file; path = TwitterUserLookUpRequest.h; sourceTree = "<group>"; };
		9B59386C187A911B00251BC5 /* TwitterProfileRequest.h */ = {isa = PBXFileReference; fileEncoding = 4; lastKnownFileType = file; path = TwitterProfileRequest.h; sourceTree = "<group>"; };
		9B59386F187A911B00251BC5 /* NSData+SBJson.h */ = {isa = PBXFileReference; fileEncoding = 4; lastKnownFileType = file; path = "NSData+SBJson.h"; sourceTree = "<group>"; };
		9B593872187A911B00251BC5 /* Facebook.h */ = {isa = PBXFileReference; fileEncoding = 4; lastKnownFileType = file; path = Facebook.h; sourceTree = "<group>"; };
		9B593873187A911B00251BC5 /* FacebookSDK.h */ = {isa = PBXFileReference; fileEncoding = 4; lastKnownFileType = file; path = FacebookSDK.h; sourceTree = "<group>"; };
		9B593874187A911B00251BC5 /* FBCacheDescriptor.h */ = {isa = PBXFileReference; fileEncoding = 4; lastKnownFileType = file; path = FBCacheDescriptor.h; sourceTree = "<group>"; };
		9B593875187A911B00251BC5 /* FBConnect.h */ = {isa = PBXFileReference; fileEncoding = 4; lastKnownFileType = file; path = FBConnect.h; sourceTree = "<group>"; };
		9B593876187A911B00251BC5 /* FBDialog.h */ = {isa = PBXFileReference; fileEncoding = 4; lastKnownFileType = file; path = FBDialog.h; sourceTree = "<group>"; };
		9B593877187A911B00251BC5 /* FBError.h */ = {isa = PBXFileReference; fileEncoding = 4; lastKnownFileType = file; path = FBError.h; sourceTree = "<group>"; };
		9B593878187A911B00251BC5 /* FBFrictionlessRequestSettings.h */ = {isa = PBXFileReference; fileEncoding = 4; lastKnownFileType = file; path = FBFrictionlessRequestSettings.h; sourceTree = "<group>"; };
		9B593879187A911B00251BC5 /* FBFriendPickerViewController.h */ = {isa = PBXFileReference; fileEncoding = 4; lastKnownFileType = file; path = FBFriendPickerViewController.h; sourceTree = "<group>"; };
		9B59387A187A911B00251BC5 /* FBGraphLocation.h */ = {isa = PBXFileReference; fileEncoding = 4; lastKnownFileType = file; path = FBGraphLocation.h; sourceTree = "<group>"; };
		9B59387B187A911B00251BC5 /* FBGraphObject.h */ = {isa = PBXFileReference; fileEncoding = 4; lastKnownFileType = file; path = FBGraphObject.h; sourceTree = "<group>"; };
		9B59387C187A911B00251BC5 /* FBGraphPlace.h */ = {isa = PBXFileReference; fileEncoding = 4; lastKnownFileType = file; path = FBGraphPlace.h; sourceTree = "<group>"; };
		9B59387D187A911B00251BC5 /* FBGraphUser.h */ = {isa = PBXFileReference; fileEncoding = 4; lastKnownFileType = file; path = FBGraphUser.h; sourceTree = "<group>"; };
		9B59387E187A911B00251BC5 /* FBLoginDialog.h */ = {isa = PBXFileReference; fileEncoding = 4; lastKnownFileType = file; path = FBLoginDialog.h; sourceTree = "<group>"; };
		9B59387F187A911B00251BC5 /* FBLoginView.h */ = {isa = PBXFileReference; fileEncoding = 4; lastKnownFileType = file; path = FBLoginView.h; sourceTree = "<group>"; };
		9B593880187A911B00251BC5 /* FBNativeDialogs.h */ = {isa = PBXFileReference; fileEncoding = 4; lastKnownFileType = file; path = FBNativeDialogs.h; sourceTree = "<group>"; };
		9B593881187A911B00251BC5 /* FBOpenGraphAction.h */ = {isa = PBXFileReference; fileEncoding = 4; lastKnownFileType = file; path = FBOpenGraphAction.h; sourceTree = "<group>"; };
		9B593882187A911B00251BC5 /* FBPlacePickerViewController.h */ = {isa = PBXFileReference; fileEncoding = 4; lastKnownFileType = file; path = FBPlacePickerViewController.h; sourceTree = "<group>"; };
		9B593883187A911B00251BC5 /* FBProfilePictureView.h */ = {isa = PBXFileReference; fileEncoding = 4; lastKnownFileType = file; path = FBProfilePictureView.h; sourceTree = "<group>"; };
		9B593884187A911B00251BC5 /* FBRequest.h */ = {isa = PBXFileReference; fileEncoding = 4; lastKnownFileType = file; path = FBRequest.h; sourceTree = "<group>"; };
		9B593885187A911B00251BC5 /* FBRequestConnection.h */ = {isa = PBXFileReference; fileEncoding = 4; lastKnownFileType = file; path = FBRequestConnection.h; sourceTree = "<group>"; };
		9B593886187A911B00251BC5 /* FBSBJSON.h */ = {isa = PBXFileReference; fileEncoding = 4; lastKnownFileType = file; path = FBSBJSON.h; sourceTree = "<group>"; };
		9B593887187A911B00251BC5 /* FBSBJsonBase.h */ = {isa = PBXFileReference; fileEncoding = 4; lastKnownFileType = file; path = FBSBJsonBase.h; sourceTree = "<group>"; };
		9B593888187A911B00251BC5 /* FBSBJsonParser.h */ = {isa = PBXFileReference; fileEncoding = 4; lastKnownFileType = file; path = FBSBJsonParser.h; sourceTree = "<group>"; };
		9B593889187A911B00251BC5 /* FBSBJsonWriter.h */ = {isa = PBXFileReference; fileEncoding = 4; lastKnownFileType = file; path = FBSBJsonWriter.h; sourceTree = "<group>"; };
		9B59388A187A911B00251BC5 /* FBSession.h */ = {isa = PBXFileReference; fileEncoding = 4; lastKnownFileType = file; path = FBSession.h; sourceTree = "<group>"; };
		9B59388B187A911B00251BC5 /* FBSessionManualTokenCachingStrategy.h */ = {isa = PBXFileReference; fileEncoding = 4; lastKnownFileType = file; path = FBSessionManualTokenCachingStrategy.h; sourceTree = "<group>"; };
		9B59388C187A911B00251BC5 /* FBSessionTokenCachingStrategy.h */ = {isa = PBXFileReference; fileEncoding = 4; lastKnownFileType = file; path = FBSessionTokenCachingStrategy.h; sourceTree = "<group>"; };
		9B59388D187A911B00251BC5 /* FBSettings.h */ = {isa = PBXFileReference; fileEncoding = 4; lastKnownFileType = file; path = FBSettings.h; sourceTree = "<group>"; };
		9B59388E187A911B00251BC5 /* FBTestSession.h */ = {isa = PBXFileReference; fileEncoding = 4; lastKnownFileType = file; path = FBTestSession.h; sourceTree = "<group>"; };
		9B59388F187A911B00251BC5 /* FBUserSettingsViewController.h */ = {isa = PBXFileReference; fileEncoding = 4; lastKnownFileType = file; path = FBUserSettingsViewController.h; sourceTree = "<group>"; };
		9B593890187A911B00251BC5 /* FBViewController.h */ = {isa = PBXFileReference; fileEncoding = 4; lastKnownFileType = file; path = FBViewController.h; sourceTree = "<group>"; };
		9B593892187A911B00251BC5 /* FacebookGraphAppRequest.h */ = {isa = PBXFileReference; fileEncoding = 4; lastKnownFileType = file; path = FacebookGraphAppRequest.h; sourceTree = "<group>"; };
		9B593894187A911B00251BC5 /* FacebookAppRequest.h */ = {isa = PBXFileReference; fileEncoding = 4; lastKnownFileType = file; path = FacebookAppRequest.h; sourceTree = "<group>"; };
		9B593896187A911B00251BC5 /* FacebookEventsRequest.h */ = {isa = PBXFileReference; fileEncoding = 4; lastKnownFileType = file; path = FacebookEventsRequest.h; sourceTree = "<group>"; };
		9B593898187A911B00251BC5 /* FacebookFriendsRequest.h */ = {isa = PBXFileReference; fileEncoding = 4; lastKnownFileType = file; path = FacebookFriendsRequest.h; sourceTree = "<group>"; };
		9B59389A187A911B00251BC5 /* FacebookPathsConstants.h */ = {isa = PBXFileReference; fileEncoding = 4; lastKnownFileType = file; path = FacebookPathsConstants.h; sourceTree = "<group>"; };
		9B59389C187A911B00251BC5 /* FacebookPostFriendsWallRequest.h */ = {isa = PBXFileReference; fileEncoding = 4; lastKnownFileType = file; path = FacebookPostFriendsWallRequest.h; sourceTree = "<group>"; };
		9B59389E187A911B00251BC5 /* FacebookRequest.h */ = {isa = PBXFileReference; fileEncoding = 4; lastKnownFileType = file; path = FacebookRequest.h; sourceTree = "<group>"; };
		9B5938A0187A911B00251BC5 /* FacebookUserDetailRequest.h */ = {isa = PBXFileReference; fileEncoding = 4; lastKnownFileType = file; path = FacebookUserDetailRequest.h; sourceTree = "<group>"; };
		9B5938A2187A911B00251BC5 /* FacebookUserProfilePictureRequest.h */ = {isa = PBXFileReference; fileEncoding = 4; lastKnownFileType = file; path = FacebookUserProfilePictureRequest.h; sourceTree = "<group>"; };
		9B5938A4187A911B00251BC5 /* MutipleRequestHandler.h */ = {isa = PBXFileReference; fileEncoding = 4; lastKnownFileType = file; path = MutipleRequestHandler.h; sourceTree = "<group>"; };
		9B5938A6187A911B00251BC5 /* FQLRequest.h */ = {isa = PBXFileReference; fileEncoding = 4; lastKnownFileType = file; path = FQLRequest.h; sourceTree = "<group>"; };
		9B5938A8187A911B00251BC5 /* FQLFriendsBaseOnNotification.h */ = {isa = PBXFileReference; fileEncoding = 4; lastKnownFileType = file; path = FQLFriendsBaseOnNotification.h; sourceTree = "<group>"; };
		9B5938AA187A911B00251BC5 /* FacebookPhotoUpload.h */ = {isa = PBXFileReference; fileEncoding = 4; lastKnownFileType = file; path = FacebookPhotoUpload.h; sourceTree = "<group>"; };
		9B5938AE187A911B00251BC5 /* Jastor.h */ = {isa = PBXFileReference; fileEncoding = 4; lastKnownFileType = file; path = Jastor.h; sourceTree = "<group>"; };
		9B5938B0187A911B00251BC5 /* JastorRuntimeHelper.h */ = {isa = PBXFileReference; fileEncoding = 4; lastKnownFileType = file; path = JastorRuntimeHelper.h; sourceTree = "<group>"; };
		9B5938B3187A911B00251BC5 /* BaseDelegate.h */ = {isa = PBXFileReference; fileEncoding = 4; lastKnownFileType = file; path = BaseDelegate.h; sourceTree = "<group>"; };
		9B5938B6187A911B00251BC5 /* LinkedInBaseRequest.h */ = {isa = PBXFileReference; fileEncoding = 4; lastKnownFileType = file; path = LinkedInBaseRequest.h; sourceTree = "<group>"; };
		9B5938B8187A911B00251BC5 /* LinkedInConstants.h */ = {isa = PBXFileReference; fileEncoding = 4; lastKnownFileType = file; path = LinkedInConstants.h; sourceTree = "<group>"; };
		9B5938BA187A911B00251BC5 /* LinkedInFriendsListRequest.h */ = {isa = PBXFileReference; fileEncoding = 4; lastKnownFileType = file; path = LinkedInFriendsListRequest.h; sourceTree = "<group>"; };
		9B5938BC187A911B00251BC5 /* LinkedInMessageFriendRequest.h */ = {isa = PBXFileReference; fileEncoding = 4; lastKnownFileType = file; path = LinkedInMessageFriendRequest.h; sourceTree = "<group>"; };
		9B5938BE187A911B00251BC5 /* LinkedInProfileRequest.h */ = {isa = PBXFileReference; fileEncoding = 4; lastKnownFileType = file; path = LinkedInProfileRequest.h; sourceTree = "<group>"; };
		9B5938C0187A911B00251BC5 /* LinkedInShareRequest.h */ = {isa = PBXFileReference; fileEncoding = 4; lastKnownFileType = file; path = LinkedInShareRequest.h; sourceTree = "<group>"; };
		9B5938C3187A911B00251BC5 /* NSMutableURLRequest+Parameters.h */ = {isa = PBXFileReference; fileEncoding = 4; lastKnownFileType = file; path = "NSMutableURLRequest+Parameters.h"; sourceTree = "<group>"; };
		9B5938C5187A911B00251BC5 /* NSString+URLEncoding.h */ = {isa = PBXFileReference; fileEncoding = 4; lastKnownFileType = file; path = "NSString+URLEncoding.h"; sourceTree = "<group>"; };
		9B5938C7187A911B00251BC5 /* NSURL+Base.h */ = {isa = PBXFileReference; fileEncoding = 4; lastKnownFileType = file; path = "NSURL+Base.h"; sourceTree = "<group>"; };
		9B5938CB187A911B00251BC5 /* Base64Transcoder.h */ = {isa = PBXFileReference; fileEncoding = 4; lastKnownFileType = file; path = Base64Transcoder.h; sourceTree = "<group>"; };
		9B5938CD187A911B00251BC5 /* hmac.h */ = {isa = PBXFileReference; fileEncoding = 4; lastKnownFileType = file; path = hmac.h; sourceTree = "<group>"; };
		9B5938CF187A911B00251BC5 /* sha1.h */ = {isa = PBXFileReference; fileEncoding = 4; lastKnownFileType = file; path = sha1.h; sourceTree = "<group>"; };
		9B5938D1187A911B00251BC5 /* OAuthLoginView.h */ = {isa = PBXFileReference; fileEncoding = 4; lastKnownFileType = file; path = OAuthLoginView.h; sourceTree = "<group>"; };
		9B5938D3187A911B00251BC5 /* OAuthLoginView.xib */ = {isa = PBXFileReference; fileEncoding = 4; lastKnownFileType = file; path = OAuthLoginView.xib; sourceTree = "<group>"; };
		9B5938D5187A911B00251BC5 /* JSONKit.h */ = {isa = PBXFileReference; fileEncoding = 4; lastKnownFileType = file; path = JSONKit.h; sourceTree = "<group>"; };
		9B5938D7187A911B00251BC5 /* OAAtachmentF.h */ = {isa = PBXFileReference; fileEncoding = 4; lastKnownFileType = file; path = OAAtachmentF.h; sourceTree = "<group>"; };
		9B5938D8187A911B00251BC5 /* OAAttachment.h */ = {isa = PBXFileReference; fileEncoding = 4; lastKnownFileType = file; path = OAAttachment.h; sourceTree = "<group>"; };
		9B5938DA187A911B00251BC5 /* OACall.h */ = {isa = PBXFileReference; fileEncoding = 4; lastKnownFileType = file; path = OACall.h; sourceTree = "<group>"; };
		9B5938DC187A911B00251BC5 /* OAConsumer.h */ = {isa = PBXFileReference; fileEncoding = 4; lastKnownFileType = file; path = OAConsumer.h; sourceTree = "<group>"; };
		9B5938DE187A911B00251BC5 /* OADataFetcher.h */ = {isa = PBXFileReference; fileEncoding = 4; lastKnownFileType = file; path = OADataFetcher.h; sourceTree = "<group>"; };
		9B5938E0187A911B00251BC5 /* OAHMAC_SHA1SignatureProvider.h */ = {isa = PBXFileReference; fileEncoding = 4; lastKnownFileType = file; path = OAHMAC_SHA1SignatureProvider.h; sourceTree = "<group>"; };
		9B5938E2187A911B00251BC5 /* OAMutableURLRequest.h */ = {isa = PBXFileReference; fileEncoding = 4; lastKnownFileType = file; path = OAMutableURLRequest.h; sourceTree = "<group>"; };
		9B5938E4187A911B00251BC5 /* OAPlaintextSignatureProvider.h */ = {isa = PBXFileReference; fileEncoding = 4; lastKnownFileType = file; path = OAPlaintextSignatureProvider.h; sourceTree = "<group>"; };
		9B5938E6187A911B00251BC5 /* OAProblem.h */ = {isa = PBXFileReference; fileEncoding = 4; lastKnownFileType = file; path = OAProblem.h; sourceTree = "<group>"; };
		9B5938E8187A911B00251BC5 /* OARequestParameter.h */ = {isa = PBXFileReference; fileEncoding = 4; lastKnownFileType = file; path = OARequestParameter.h; sourceTree = "<group>"; };
		9B5938EA187A911B00251BC5 /* OAServiceTicket.h */ = {isa = PBXFileReference; fileEncoding = 4; lastKnownFileType = file; path = OAServiceTicket.h; sourceTree = "<group>"; };
		9B5938EC187A911B00251BC5 /* OASignatureProviding.h */ = {isa = PBXFileReference; fileEncoding = 4; lastKnownFileType = file; path = OASignatureProviding.h; sourceTree = "<group>"; };
		9B5938ED187A911B00251BC5 /* OAToken.h */ = {isa = PBXFileReference; fileEncoding = 4; lastKnownFileType = file; path = OAToken.h; sourceTree = "<group>"; };
		9B5938EF187A911B00251BC5 /* OATokenManager.h */ = {isa = PBXFileReference; fileEncoding = 4; lastKnownFileType = file; path = OATokenManager.h; sourceTree = "<group>"; };
		9B5938F1187A911B00251BC5 /* OAuthConsumer.h */ = {isa = PBXFileReference; fileEncoding = 4; lastKnownFileType = file; path = OAuthConsumer.h; sourceTree = "<group>"; };
		9B78BF5616809E7900031F02 /* FacebookSDK.framework */ = {isa = PBXFileReference; lastKnownFileType = wrapper.framework; path = FacebookSDK.framework; sourceTree = "<group>"; };
		9B94DE3F166371F500A9D055 /* Social.framework */ = {isa = PBXFileReference; lastKnownFileType = wrapper.framework; name = Social.framework; path = System/Library/Frameworks/Social.framework; sourceTree = SDKROOT; };
		9BEE2DFB166348AD00138C54 /* SocialTestLibraryTest1.app */ = {isa = PBXFileReference; explicitFileType = wrapper.application; includeInIndex = 0; path = SocialTestLibraryTest1.app; sourceTree = BUILT_PRODUCTS_DIR; };
		9BEE2DFF166348AD00138C54 /* UIKit.framework */ = {isa = PBXFileReference; lastKnownFileType = wrapper.framework; name = UIKit.framework; path = System/Library/Frameworks/UIKit.framework; sourceTree = SDKROOT; };
		9BEE2E01166348AD00138C54 /* Foundation.framework */ = {isa = PBXFileReference; lastKnownFileType = wrapper.framework; name = Foundation.framework; path = System/Library/Frameworks/Foundation.framework; sourceTree = SDKROOT; };
		9BEE2E03166348AD00138C54 /* CoreGraphics.framework */ = {isa = PBXFileReference; lastKnownFileType = wrapper.framework; name = CoreGraphics.framework; path = System/Library/Frameworks/CoreGraphics.framework; sourceTree = SDKROOT; };
		9BEE2E07166348AD00138C54 /* SocialTestLibraryTest1-Info.plist */ = {isa = PBXFileReference; lastKnownFileType = text.plist.xml; path = "SocialTestLibraryTest1-Info.plist"; sourceTree = "<group>"; };
		9BEE2E09166348AD00138C54 /* en */ = {isa = PBXFileReference; lastKnownFileType = text.plist.strings; name = en; path = en.lproj/InfoPlist.strings; sourceTree = "<group>"; };
		9BEE2E0B166348AD00138C54 /* main.m */ = {isa = PBXFileReference; lastKnownFileType = sourcecode.c.objc; path = main.m; sourceTree = "<group>"; };
		9BEE2E0D166348AD00138C54 /* SocialTestLibraryTest1-Prefix.pch */ = {isa = PBXFileReference; lastKnownFileType = sourcecode.c.h; path = "SocialTestLibraryTest1-Prefix.pch"; sourceTree = "<group>"; };
		9BEE2E0E166348AD00138C54 /* SocialLibTestingAppDelegate.h */ = {isa = PBXFileReference; lastKnownFileType = sourcecode.c.h; path = SocialLibTestingAppDelegate.h; sourceTree = "<group>"; };
		9BEE2E0F166348AD00138C54 /* SocialLibTestingAppDelegate.m */ = {isa = PBXFileReference; lastKnownFileType = sourcecode.c.objc; path = SocialLibTestingAppDelegate.m; sourceTree = "<group>"; };
		9BEE2E11166348AD00138C54 /* Default.png */ = {isa = PBXFileReference; lastKnownFileType = image.png; path = Default.png; sourceTree = "<group>"; };
		9BEE2E13166348AD00138C54 /* Default@2x.png */ = {isa = PBXFileReference; lastKnownFileType = image.png; path = "Default@2x.png"; sourceTree = "<group>"; };
		9BEE2E15166348AD00138C54 /* Default-568h@2x.png */ = {isa = PBXFileReference; lastKnownFileType = image.png; path = "Default-568h@2x.png"; sourceTree = "<group>"; };
		9BEE2E18166348AD00138C54 /* en */ = {isa = PBXFileReference; lastKnownFileType = file.storyboard; name = en; path = en.lproj/MainStoryboard.storyboard; sourceTree = "<group>"; };
		9BEE2E1A166348AD00138C54 /* SocialLibTestingViewController.h */ = {isa = PBXFileReference; lastKnownFileType = sourcecode.c.h; path = SocialLibTestingViewController.h; sourceTree = "<group>"; };
		9BEE2E1B166348AD00138C54 /* SocialLibTestingViewController.m */ = {isa = PBXFileReference; lastKnownFileType = sourcecode.c.objc; path = SocialLibTestingViewController.m; sourceTree = "<group>"; };
		9BEE2E2C16634B0A00138C54 /* Accounts.framework */ = {isa = PBXFileReference; lastKnownFileType = wrapper.framework; name = Accounts.framework; path = System/Library/Frameworks/Accounts.framework; sourceTree = SDKROOT; };
		9BEE2E2E16634B0F00138C54 /* AdSupport.framework */ = {isa = PBXFileReference; lastKnownFileType = wrapper.framework; name = AdSupport.framework; path = System/Library/Frameworks/AdSupport.framework; sourceTree = SDKROOT; };
		9BEE2E3016634B5800138C54 /* Twitter.framework */ = {isa = PBXFileReference; lastKnownFileType = wrapper.framework; name = Twitter.framework; path = System/Library/Frameworks/Twitter.framework; sourceTree = SDKROOT; };
		9BF12D2216762EBC0089C0A4 /* HFViewController.h */ = {isa = PBXFileReference; fileEncoding = 4; lastKnownFileType = sourcecode.c.h; path = HFViewController.h; sourceTree = "<group>"; };
		9BF12D2316762EBC0089C0A4 /* HFViewController.m */ = {isa = PBXFileReference; fileEncoding = 4; lastKnownFileType = sourcecode.c.objc; path = HFViewController.m; sourceTree = "<group>"; };
		9BF12D2516762EE80089C0A4 /* HFViewController_iPhone.xib */ = {isa = PBXFileReference; fileEncoding = 4; lastKnownFileType = file.xib; path = HFViewController_iPhone.xib; sourceTree = "<group>"; };
/* End PBXFileReference section */

/* Begin PBXFrameworksBuildPhase section */
		9BEE2DF8166348AD00138C54 /* Frameworks */ = {
			isa = PBXFrameworksBuildPhase;
			buildActionMask = 2147483647;
			files = (
				9B593982187A92F000251BC5 /* libSocialConnectLibrary.a in Frameworks */,
				9B593981187A92EA00251BC5 /* FacebookSDK.framework in Frameworks */,
				9B8432E916807FFE000F0A74 /* Social.framework in Frameworks */,
				9B8432E816807FF3000F0A74 /* AdSupport.framework in Frameworks */,
				9B8432E716807FE9000F0A74 /* Accounts.framework in Frameworks */,
				9BEE2E3116634B5800138C54 /* Twitter.framework in Frameworks */,
				9BEE2E00166348AD00138C54 /* UIKit.framework in Frameworks */,
				9BEE2E02166348AD00138C54 /* Foundation.framework in Frameworks */,
				9BEE2E04166348AD00138C54 /* CoreGraphics.framework in Frameworks */,
			);
			runOnlyForDeploymentPostprocessing = 0;
		};
/* End PBXFrameworksBuildPhase section */

/* Begin PBXGroup section */
		9B593856187A90FD00251BC5 /* Products */ = {
			isa = PBXGroup;
			children = (
				9B59385B187A90FD00251BC5 /* libSocialConnectLibrary.a */,
				9B59385D187A90FD00251BC5 /* SocialConnetBundle.bundle */,
			);
			name = Products;
			sourceTree = "<group>";
		};
		9B59386E187A911B00251BC5 /* TwitterLib */ = {
			isa = PBXGroup;
			children = (
				9B593860187A911B00251BC5 /* TwitterBaseRequest.h */,
				9B593862187A911B00251BC5 /* TwitterConstants.h */,
				9B593864187A911B00251BC5 /* TwitterDirectMessageRequest.h */,
				9B593866187A911B00251BC5 /* TwitterFollwersRequest.h */,
				9B593868187A911B00251BC5 /* TwitterFriendsRequest.h */,
				9B59386A187A911B00251BC5 /* TwitterUserLookUpRequest.h */,
				9B59386C187A911B00251BC5 /* TwitterProfileRequest.h */,
			);
			path = TwitterLib;
			sourceTree = "<group>";
		};
		9B593871187A911B00251BC5 /* JSON */ = {
			isa = PBXGroup;
			children = (
				9B59386F187A911B00251BC5 /* NSData+SBJson.h */,
			);
			path = JSON;
			sourceTree = "<group>";
		};
		9B593891187A911B00251BC5 /* FacebookDeprecatedHeaders */ = {
			isa = PBXGroup;
			children = (
				9B593872187A911B00251BC5 /* Facebook.h */,
				9B593873187A911B00251BC5 /* FacebookSDK.h */,
				9B593874187A911B00251BC5 /* FBCacheDescriptor.h */,
				9B593875187A911B00251BC5 /* FBConnect.h */,
				9B593876187A911B00251BC5 /* FBDialog.h */,
				9B593877187A911B00251BC5 /* FBError.h */,
				9B593878187A911B00251BC5 /* FBFrictionlessRequestSettings.h */,
				9B593879187A911B00251BC5 /* FBFriendPickerViewController.h */,
				9B59387A187A911B00251BC5 /* FBGraphLocation.h */,
				9B59387B187A911B00251BC5 /* FBGraphObject.h */,
				9B59387C187A911B00251BC5 /* FBGraphPlace.h */,
				9B59387D187A911B00251BC5 /* FBGraphUser.h */,
				9B59387E187A911B00251BC5 /* FBLoginDialog.h */,
				9B59387F187A911B00251BC5 /* FBLoginView.h */,
				9B593880187A911B00251BC5 /* FBNativeDialogs.h */,
				9B593881187A911B00251BC5 /* FBOpenGraphAction.h */,
				9B593882187A911B00251BC5 /* FBPlacePickerViewController.h */,
				9B593883187A911B00251BC5 /* FBProfilePictureView.h */,
				9B593884187A911B00251BC5 /* FBRequest.h */,
				9B593885187A911B00251BC5 /* FBRequestConnection.h */,
				9B593886187A911B00251BC5 /* FBSBJSON.h */,
				9B593887187A911B00251BC5 /* FBSBJsonBase.h */,
				9B593888187A911B00251BC5 /* FBSBJsonParser.h */,
				9B593889187A911B00251BC5 /* FBSBJsonWriter.h */,
				9B59388A187A911B00251BC5 /* FBSession.h */,
				9B59388B187A911B00251BC5 /* FBSessionManualTokenCachingStrategy.h */,
				9B59388C187A911B00251BC5 /* FBSessionTokenCachingStrategy.h */,
				9B59388D187A911B00251BC5 /* FBSettings.h */,
				9B59388E187A911B00251BC5 /* FBTestSession.h */,
				9B59388F187A911B00251BC5 /* FBUserSettingsViewController.h */,
				9B593890187A911B00251BC5 /* FBViewController.h */,
			);
			path = FacebookDeprecatedHeaders;
			sourceTree = "<group>";
		};
		9B5938AC187A911B00251BC5 /* FacebookRequest */ = {
			isa = PBXGroup;
			children = (
				9B593892187A911B00251BC5 /* FacebookGraphAppRequest.h */,
				9B593894187A911B00251BC5 /* FacebookAppRequest.h */,
				9B593896187A911B00251BC5 /* FacebookEventsRequest.h */,
				9B593898187A911B00251BC5 /* FacebookFriendsRequest.h */,
				9B59389A187A911B00251BC5 /* FacebookPathsConstants.h */,
				9B59389C187A911B00251BC5 /* FacebookPostFriendsWallRequest.h */,
				9B59389E187A911B00251BC5 /* FacebookRequest.h */,
				9B5938A0187A911B00251BC5 /* FacebookUserDetailRequest.h */,
				9B5938A2187A911B00251BC5 /* FacebookUserProfilePictureRequest.h */,
				9B5938A4187A911B00251BC5 /* MutipleRequestHandler.h */,
				9B5938A6187A911B00251BC5 /* FQLRequest.h */,
				9B5938A8187A911B00251BC5 /* FQLFriendsBaseOnNotification.h */,
				9B5938AA187A911B00251BC5 /* FacebookPhotoUpload.h */,
			);
			path = FacebookRequest;
			sourceTree = "<group>";
		};
		9B5938AD187A911B00251BC5 /* FacebookLib */ = {
			isa = PBXGroup;
			children = (
				9B593891187A911B00251BC5 /* FacebookDeprecatedHeaders */,
				9B5938AC187A911B00251BC5 /* FacebookRequest */,
			);
			path = FacebookLib;
			sourceTree = "<group>";
		};
		9B5938B2187A911B00251BC5 /* Jastor */ = {
			isa = PBXGroup;
			children = (
				9B5938AE187A911B00251BC5 /* Jastor.h */,
				9B5938B0187A911B00251BC5 /* JastorRuntimeHelper.h */,
			);
			path = Jastor;
			sourceTree = "<group>";
		};
		9B5938B5187A911B00251BC5 /* Main */ = {
			isa = PBXGroup;
			children = (
				9B5938B3187A911B00251BC5 /* BaseDelegate.h */,
			);
			path = Main;
			sourceTree = "<group>";
		};
		9B5938C2187A911B00251BC5 /* LinkedInRequests */ = {
			isa = PBXGroup;
			children = (
				9B5938B6187A911B00251BC5 /* LinkedInBaseRequest.h */,
				9B5938B8187A911B00251BC5 /* LinkedInConstants.h */,
				9B5938BA187A911B00251BC5 /* LinkedInFriendsListRequest.h */,
				9B5938BC187A911B00251BC5 /* LinkedInMessageFriendRequest.h */,
				9B5938BE187A911B00251BC5 /* LinkedInProfileRequest.h */,
				9B5938C0187A911B00251BC5 /* LinkedInShareRequest.h */,
			);
			path = LinkedInRequests;
			sourceTree = "<group>";
		};
		9B5938C9187A911B00251BC5 /* Categories */ = {
			isa = PBXGroup;
			children = (
				9B5938C3187A911B00251BC5 /* NSMutableURLRequest+Parameters.h */,
				9B5938C5187A911B00251BC5 /* NSString+URLEncoding.h */,
				9B5938C7187A911B00251BC5 /* NSURL+Base.h */,
			);
			path = Categories;
			sourceTree = "<group>";
		};
		9B5938D0187A911B00251BC5 /* Crytpo */ = {
			isa = PBXGroup;
			children = (
				9B5938CB187A911B00251BC5 /* Base64Transcoder.h */,
				9B5938CD187A911B00251BC5 /* hmac.h */,
				9B5938CF187A911B00251BC5 /* sha1.h */,
			);
			path = Crytpo;
			sourceTree = "<group>";
		};
		9B5938D4187A911B00251BC5 /* LoginView */ = {
			isa = PBXGroup;
			children = (
				9B5938D1187A911B00251BC5 /* OAuthLoginView.h */,
				9B5938D3187A911B00251BC5 /* OAuthLoginView.xib */,
			);
			path = LoginView;
			sourceTree = "<group>";
		};
		9B5938F2187A911B00251BC5 /* QAuth */ = {
			isa = PBXGroup;
			children = (
				9B5938D5187A911B00251BC5 /* JSONKit.h */,
				9B5938D7187A911B00251BC5 /* OAAtachmentF.h */,
				9B5938D8187A911B00251BC5 /* OAAttachment.h */,
				9B5938DA187A911B00251BC5 /* OACall.h */,
				9B5938DC187A911B00251BC5 /* OAConsumer.h */,
				9B5938DE187A911B00251BC5 /* OADataFetcher.h */,
				9B5938E0187A911B00251BC5 /* OAHMAC_SHA1SignatureProvider.h */,
				9B5938E2187A911B00251BC5 /* OAMutableURLRequest.h */,
				9B5938E4187A911B00251BC5 /* OAPlaintextSignatureProvider.h */,
				9B5938E6187A911B00251BC5 /* OAProblem.h */,
				9B5938E8187A911B00251BC5 /* OARequestParameter.h */,
				9B5938EA187A911B00251BC5 /* OAServiceTicket.h */,
				9B5938EC187A911B00251BC5 /* OASignatureProviding.h */,
				9B5938ED187A911B00251BC5 /* OAToken.h */,
				9B5938EF187A911B00251BC5 /* OATokenManager.h */,
				9B5938F1187A911B00251BC5 /* OAuthConsumer.h */,
			);
			path = QAuth;
			sourceTree = "<group>";
		};
		9B5938F3187A911B00251BC5 /* LinkedInLib */ = {
			isa = PBXGroup;
			children = (
				9B5938C2187A911B00251BC5 /* LinkedInRequests */,
				9B5938C9187A911B00251BC5 /* Categories */,
				9B5938D0187A911B00251BC5 /* Crytpo */,
				9B5938D4187A911B00251BC5 /* LoginView */,
				9B5938F2187A911B00251BC5 /* QAuth */,
			);
			path = LinkedInLib;
			sourceTree = "<group>";
		};
		9B5938F6187A911B00251BC5 /* SocialConnectLibrary */ = {
			isa = PBXGroup;
			children = (
				9B59385E187A911B00251BC5 /* TwitterShareRequest.h */,
				9B59386E187A911B00251BC5 /* TwitterLib */,
				9B593871187A911B00251BC5 /* JSON */,
				9B5938AD187A911B00251BC5 /* FacebookLib */,
				9B5938B2187A911B00251BC5 /* Jastor */,
				9B5938B5187A911B00251BC5 /* Main */,
				9B5938F3187A911B00251BC5 /* LinkedInLib */,
			);
			name = SocialConnectLibrary;
			path = ../../SocialLibrary/SocialConnectLibrary;
			sourceTree = "<group>";
		};
		9BEE2DF0166348AD00138C54 = {
			isa = PBXGroup;
			children = (
				9B593855187A90FD00251BC5 /* SocialConnectLibrary.xcodeproj */,
				9B78BF5616809E7900031F02 /* FacebookSDK.framework */,
				9B94DE3F166371F500A9D055 /* Social.framework */,
				9BEE2E3016634B5800138C54 /* Twitter.framework */,
				9BEE2E2E16634B0F00138C54 /* AdSupport.framework */,
				9BEE2E2C16634B0A00138C54 /* Accounts.framework */,
				9BEE2E05166348AD00138C54 /* SocialTestLibraryTest1 */,
				9BEE2DFE166348AD00138C54 /* Frameworks */,
				9BEE2DFC166348AD00138C54 /* Products */,
			);
			sourceTree = "<group>";
		};
		9BEE2DFC166348AD00138C54 /* Products */ = {
			isa = PBXGroup;
			children = (
				9BEE2DFB166348AD00138C54 /* SocialTestLibraryTest1.app */,
			);
			name = Products;
			sourceTree = "<group>";
		};
		9BEE2DFE166348AD00138C54 /* Frameworks */ = {
			isa = PBXGroup;
			children = (
				9BEE2DFF166348AD00138C54 /* UIKit.framework */,
				9BEE2E01166348AD00138C54 /* Foundation.framework */,
				9BEE2E03166348AD00138C54 /* CoreGraphics.framework */,
			);
			name = Frameworks;
			sourceTree = "<group>";
		};
		9BEE2E05166348AD00138C54 /* SocialTestLibraryTest1 */ = {
			isa = PBXGroup;
			children = (
				9B5938F6187A911B00251BC5 /* SocialConnectLibrary */,
				9BF12D2516762EE80089C0A4 /* HFViewController_iPhone.xib */,
				9BF12D2216762EBC0089C0A4 /* HFViewController.h */,
				9BF12D2316762EBC0089C0A4 /* HFViewController.m */,
				9BEE2E0E166348AD00138C54 /* SocialLibTestingAppDelegate.h */,
				9BEE2E0F166348AD00138C54 /* SocialLibTestingAppDelegate.m */,
				9BEE2E17166348AD00138C54 /* MainStoryboard.storyboard */,
				9BEE2E1A166348AD00138C54 /* SocialLibTestingViewController.h */,
				9BEE2E1B166348AD00138C54 /* SocialLibTestingViewController.m */,
				9BEE2E06166348AD00138C54 /* Supporting Files */,
			);
			path = SocialTestLibraryTest1;
			sourceTree = "<group>";
		};
		9BEE2E06166348AD00138C54 /* Supporting Files */ = {
			isa = PBXGroup;
			children = (
				9BEE2E07166348AD00138C54 /* SocialTestLibraryTest1-Info.plist */,
				9BEE2E08166348AD00138C54 /* InfoPlist.strings */,
				9BEE2E0B166348AD00138C54 /* main.m */,
				9BEE2E0D166348AD00138C54 /* SocialTestLibraryTest1-Prefix.pch */,
				9BEE2E11166348AD00138C54 /* Default.png */,
				9BEE2E13166348AD00138C54 /* Default@2x.png */,
				9BEE2E15166348AD00138C54 /* Default-568h@2x.png */,
			);
			name = "Supporting Files";
			sourceTree = "<group>";
		};
/* End PBXGroup section */

/* Begin PBXNativeTarget section */
		9BEE2DFA166348AD00138C54 /* SocialTestLibraryTest1 */ = {
			isa = PBXNativeTarget;
			buildConfigurationList = 9BEE2E1F166348AD00138C54 /* Build configuration list for PBXNativeTarget "SocialTestLibraryTest1" */;
			buildPhases = (
				9BEE2DF7166348AD00138C54 /* Sources */,
				9BEE2DF8166348AD00138C54 /* Frameworks */,
				9BEE2DF9166348AD00138C54 /* Resources */,
			);
			buildRules = (
			);
			dependencies = (
			);
			name = SocialTestLibraryTest1;
			productName = SocialTestLibraryTest1;
			productReference = 9BEE2DFB166348AD00138C54 /* SocialTestLibraryTest1.app */;
			productType = "com.apple.product-type.application";
		};
/* End PBXNativeTarget section */

/* Begin PBXProject section */
		9BEE2DF2166348AD00138C54 /* Project object */ = {
			isa = PBXProject;
			attributes = {
				CLASSPREFIX = SocialLibTesting;
				LastUpgradeCheck = 0450;
				ORGANIZATIONNAME = "dbgmacmini2 dbg";
			};
			buildConfigurationList = 9BEE2DF5166348AD00138C54 /* Build configuration list for PBXProject "SocialTestLibraryTest1" */;
			compatibilityVersion = "Xcode 3.2";
			developmentRegion = English;
			hasScannedForEncodings = 0;
			knownRegions = (
				en,
			);
			mainGroup = 9BEE2DF0166348AD00138C54;
			productRefGroup = 9BEE2DFC166348AD00138C54 /* Products */;
			projectDirPath = "";
			projectReferences = (
				{
					ProductGroup = 9B593856187A90FD00251BC5 /* Products */;
					ProjectRef = 9B593855187A90FD00251BC5 /* SocialConnectLibrary.xcodeproj */;
				},
			);
			projectRoot = "";
			targets = (
				9BEE2DFA166348AD00138C54 /* SocialTestLibraryTest1 */,
			);
		};
/* End PBXProject section */

/* Begin PBXReferenceProxy section */
		9B59385B187A90FD00251BC5 /* libSocialConnectLibrary.a */ = {
			isa = PBXReferenceProxy;
			fileType = archive.ar;
			path = libSocialConnectLibrary.a;
			remoteRef = 9B59385A187A90FD00251BC5 /* PBXContainerItemProxy */;
			sourceTree = BUILT_PRODUCTS_DIR;
		};
		9B59385D187A90FD00251BC5 /* SocialConnetBundle.bundle */ = {
			isa = PBXReferenceProxy;
			fileType = wrapper.cfbundle;
			path = SocialConnetBundle.bundle;
			remoteRef = 9B59385C187A90FD00251BC5 /* PBXContainerItemProxy */;
			sourceTree = BUILT_PRODUCTS_DIR;
		};
/* End PBXReferenceProxy section */

/* Begin PBXResourcesBuildPhase section */
		9BEE2DF9166348AD00138C54 /* Resources */ = {
			isa = PBXResourcesBuildPhase;
			buildActionMask = 2147483647;
			files = (
				9B593952187A911B00251BC5 /* LinkedInShareRequest.h in Resources */,
				9B59391E187A911B00251BC5 /* FBSBJsonBase.h in Resources */,
				9B593974187A911C00251BC5 /* OAProblem.h in Resources */,
				9B59391C187A911B00251BC5 /* FBRequestConnection.h in Resources */,
				9B593917187A911B00251BC5 /* FBNativeDialogs.h in Resources */,
				9B593930187A911B00251BC5 /* FacebookPathsConstants.h in Resources */,
				9B59392C187A911B00251BC5 /* FacebookEventsRequest.h in Resources */,
				9B593965187A911C00251BC5 /* OAAtachmentF.h in Resources */,
				9B593938187A911B00251BC5 /* FacebookUserProfilePictureRequest.h in Resources */,
				9BEE2E0A166348AD00138C54 /* InfoPlist.strings in Resources */,
				9B593922187A911B00251BC5 /* FBSessionManualTokenCachingStrategy.h in Resources */,
				9B59391D187A911B00251BC5 /* FBSBJSON.h in Resources */,
				9BEE2E12166348AD00138C54 /* Default.png in Resources */,
				9BEE2E14166348AD00138C54 /* Default@2x.png in Resources */,
				9B593920187A911B00251BC5 /* FBSBJsonWriter.h in Resources */,
				9B59397B187A911C00251BC5 /* OAToken.h in Resources */,
				9B59394A187A911B00251BC5 /* LinkedInConstants.h in Resources */,
				9B593944187A911B00251BC5 /* JastorRuntimeHelper.h in Resources */,
				9B59393C187A911B00251BC5 /* FQLRequest.h in Resources */,
				9B5938F9187A911B00251BC5 /* TwitterBaseRequest.h in Resources */,
				9B593978187A911C00251BC5 /* OAServiceTicket.h in Resources */,
				9B593950187A911B00251BC5 /* LinkedInProfileRequest.h in Resources */,
				9B593948187A911B00251BC5 /* LinkedInBaseRequest.h in Resources */,
				9B593960187A911C00251BC5 /* OAuthLoginView.h in Resources */,
				9B593940187A911B00251BC5 /* FacebookPhotoUpload.h in Resources */,
				9B59394C187A911B00251BC5 /* LinkedInFriendsListRequest.h in Resources */,
				9B593913187A911B00251BC5 /* FBGraphPlace.h in Resources */,
				9BEE2E16166348AD00138C54 /* Default-568h@2x.png in Resources */,
				9B59397A187A911C00251BC5 /* OASignatureProviding.h in Resources */,
				9B59393E187A911B00251BC5 /* FQLFriendsBaseOnNotification.h in Resources */,
				9B593921187A911B00251BC5 /* FBSession.h in Resources */,
				9B593966187A911C00251BC5 /* OAAttachment.h in Resources */,
				9B5938F7187A911B00251BC5 /* TwitterShareRequest.h in Resources */,
				9B593918187A911B00251BC5 /* FBOpenGraphAction.h in Resources */,
				9B59396C187A911C00251BC5 /* OADataFetcher.h in Resources */,
				9B59395F187A911C00251BC5 /* sha1.h in Resources */,
				9B593958187A911C00251BC5 /* NSURL+Base.h in Resources */,
				9B59396A187A911C00251BC5 /* OAConsumer.h in Resources */,
				9BEE2E19166348AD00138C54 /* MainStoryboard.storyboard in Resources */,
				9B59392A187A911B00251BC5 /* FacebookAppRequest.h in Resources */,
				9B59394E187A911B00251BC5 /* LinkedInMessageFriendRequest.h in Resources */,
				9B593942187A911B00251BC5 /* Jastor.h in Resources */,
				9B593925187A911B00251BC5 /* FBTestSession.h in Resources */,
				9B593916187A911B00251BC5 /* FBLoginView.h in Resources */,
				9B593928187A911B00251BC5 /* FacebookGraphAppRequest.h in Resources */,
				9B593912187A911B00251BC5 /* FBGraphObject.h in Resources */,
				9B59397D187A911C00251BC5 /* OATokenManager.h in Resources */,
				9B59395D187A911C00251BC5 /* hmac.h in Resources */,
				9B593972187A911C00251BC5 /* OAPlaintextSignatureProvider.h in Resources */,
				9B593956187A911C00251BC5 /* NSString+URLEncoding.h in Resources */,
				9B593914187A911B00251BC5 /* FBGraphUser.h in Resources */,
				9B593968187A911C00251BC5 /* OACall.h in Resources */,
				9B59393A187A911B00251BC5 /* MutipleRequestHandler.h in Resources */,
				9B5938FF187A911B00251BC5 /* TwitterFollwersRequest.h in Resources */,
				9B59397F187A911C00251BC5 /* OAuthConsumer.h in Resources */,
				9B59395B187A911C00251BC5 /* Base64Transcoder.h in Resources */,
				9BF12D2616762EE80089C0A4 /* HFViewController_iPhone.xib in Resources */,
				9B593909187A911B00251BC5 /* Facebook.h in Resources */,
				9B59391F187A911B00251BC5 /* FBSBJsonParser.h in Resources */,
				9B5938FB187A911B00251BC5 /* TwitterConstants.h in Resources */,
				9B593903187A911B00251BC5 /* TwitterUserLookUpRequest.h in Resources */,
				9B593962187A911C00251BC5 /* OAuthLoginView.xib in Resources */,
				9B593946187A911B00251BC5 /* BaseDelegate.h in Resources */,
				9B59391B187A911B00251BC5 /* FBRequest.h in Resources */,
				9B593934187A911B00251BC5 /* FacebookRequest.h in Resources */,
				9B59390B187A911B00251BC5 /* FBCacheDescriptor.h in Resources */,
				9B59396E187A911C00251BC5 /* OAHMAC_SHA1SignatureProvider.h in Resources */,
				9B593924187A911B00251BC5 /* FBSettings.h in Resources */,
				9B593910187A911B00251BC5 /* FBFriendPickerViewController.h in Resources */,
				9B593963187A911C00251BC5 /* JSONKit.h in Resources */,
				9B593907187A911B00251BC5 /* NSData+SBJson.h in Resources */,
				9B59390D187A911B00251BC5 /* FBDialog.h in Resources */,
				9B59390F187A911B00251BC5 /* FBFrictionlessRequestSettings.h in Resources */,
				9B593970187A911C00251BC5 /* OAMutableURLRequest.h in Resources */,
				9B593905187A911B00251BC5 /* TwitterProfileRequest.h in Resources */,
				9B5938FD187A911B00251BC5 /* TwitterDirectMessageRequest.h in Resources */,
				9B59391A187A911B00251BC5 /* FBProfilePictureView.h in Resources */,
				9B593911187A911B00251BC5 /* FBGraphLocation.h in Resources */,
				9B593926187A911B00251BC5 /* FBUserSettingsViewController.h in Resources */,
				9B593915187A911B00251BC5 /* FBLoginDialog.h in Resources */,
				9B59390A187A911B00251BC5 /* FacebookSDK.h in Resources */,
				9B593923187A911B00251BC5 /* FBSessionTokenCachingStrategy.h in Resources */,
				9B593954187A911B00251BC5 /* NSMutableURLRequest+Parameters.h in Resources */,
				9B593976187A911C00251BC5 /* OARequestParameter.h in Resources */,
				9B593936187A911B00251BC5 /* FacebookUserDetailRequest.h in Resources */,
				9B59392E187A911B00251BC5 /* FacebookFriendsRequest.h in Resources */,
				9B593932187A911B00251BC5 /* FacebookPostFriendsWallRequest.h in Resources */,
				9B593927187A911B00251BC5 /* FBViewController.h in Resources */,
				9B593901187A911B00251BC5 /* TwitterFriendsRequest.h in Resources */,
				9B593919187A911B00251BC5 /* FBPlacePickerViewController.h in Resources */,
				9B59390C187A911B00251BC5 /* FBConnect.h in Resources */,
				9B59390E187A911B00251BC5 /* FBError.h in Resources */,
			);
			runOnlyForDeploymentPostprocessing = 0;
		};
/* End PBXResourcesBuildPhase section */

/* Begin PBXSourcesBuildPhase section */
		9BEE2DF7166348AD00138C54 /* Sources */ = {
			isa = PBXSourcesBuildPhase;
			buildActionMask = 2147483647;
			files = (
				9BEE2E0C166348AD00138C54 /* main.m in Sources */,
				9BEE2E10166348AD00138C54 /* SocialLibTestingAppDelegate.m in Sources */,
				9BEE2E1C166348AD00138C54 /* SocialLibTestingViewController.m in Sources */,
				9BF12D2416762EBC0089C0A4 /* HFViewController.m in Sources */,
			);
			runOnlyForDeploymentPostprocessing = 0;
		};
/* End PBXSourcesBuildPhase section */

/* Begin PBXVariantGroup section */
		9BEE2E08166348AD00138C54 /* InfoPlist.strings */ = {
			isa = PBXVariantGroup;
			children = (
				9BEE2E09166348AD00138C54 /* en */,
			);
			name = InfoPlist.strings;
			sourceTree = "<group>";
		};
		9BEE2E17166348AD00138C54 /* MainStoryboard.storyboard */ = {
			isa = PBXVariantGroup;
			children = (
				9BEE2E18166348AD00138C54 /* en */,
			);
			name = MainStoryboard.storyboard;
			sourceTree = "<group>";
		};
/* End PBXVariantGroup section */

/* Begin XCBuildConfiguration section */
		9BEE2E1D166348AD00138C54 /* Debug */ = {
			isa = XCBuildConfiguration;
			buildSettings = {
				ALWAYS_SEARCH_USER_PATHS = NO;
				CLANG_CXX_LANGUAGE_STANDARD = "gnu++0x";
				CLANG_CXX_LIBRARY = "libc++";
				CLANG_ENABLE_OBJC_ARC = YES;
				CLANG_WARN_EMPTY_BODY = YES;
				CLANG_WARN__DUPLICATE_METHOD_MATCH = YES;
				"CODE_SIGN_IDENTITY[sdk=iphoneos*]" = "iPhone Developer";
				COPY_PHASE_STRIP = NO;
				GCC_C_LANGUAGE_STANDARD = gnu99;
				GCC_DYNAMIC_NO_PIC = NO;
				GCC_OPTIMIZATION_LEVEL = 0;
				GCC_PREPROCESSOR_DEFINITIONS = (
					"DEBUG=1",
					"$(inherited)",
				);
				GCC_SYMBOLS_PRIVATE_EXTERN = NO;
				GCC_WARN_ABOUT_RETURN_TYPE = YES;
				GCC_WARN_UNINITIALIZED_AUTOS = YES;
				GCC_WARN_UNUSED_VARIABLE = YES;
				IPHONEOS_DEPLOYMENT_TARGET = 6.0;
				SDKROOT = iphoneos;
			};
			name = Debug;
		};
		9BEE2E1E166348AD00138C54 /* Release */ = {
			isa = XCBuildConfiguration;
			buildSettings = {
				ALWAYS_SEARCH_USER_PATHS = NO;
				CLANG_CXX_LANGUAGE_STANDARD = "gnu++0x";
				CLANG_CXX_LIBRARY = "libc++";
				CLANG_ENABLE_OBJC_ARC = YES;
				CLANG_WARN_EMPTY_BODY = YES;
				CLANG_WARN__DUPLICATE_METHOD_MATCH = YES;
				"CODE_SIGN_IDENTITY[sdk=iphoneos*]" = "iPhone Developer";
				COPY_PHASE_STRIP = YES;
				GCC_C_LANGUAGE_STANDARD = gnu99;
				GCC_WARN_ABOUT_RETURN_TYPE = YES;
				GCC_WARN_UNINITIALIZED_AUTOS = YES;
				GCC_WARN_UNUSED_VARIABLE = YES;
				IPHONEOS_DEPLOYMENT_TARGET = 6.0;
				OTHER_CFLAGS = "-DNS_BLOCK_ASSERTIONS=1";
				SDKROOT = iphoneos;
				VALIDATE_PRODUCT = YES;
			};
			name = Release;
		};
		9BEE2E20166348AD00138C54 /* Debug */ = {
			isa = XCBuildConfiguration;
			buildSettings = {
				FRAMEWORK_SEARCH_PATHS = (
					"$(inherited)",
					"$(SRCROOT)",
					"\\\"$(SRCROOT)/../../../../../../FacebookSDK\\\"",
					/Users/dbgmacmini2dbg/Documents/MyFolder/DeveloperWork/Git/Iphone/Examples/SocialConnectLibrary/SocialTestLibraryTest1,
				);
				GCC_PRECOMPILE_PREFIX_HEADER = YES;
				GCC_PREFIX_HEADER = "SocialTestLibraryTest1/SocialTestLibraryTest1-Prefix.pch";
				INFOPLIST_FILE = "SocialTestLibraryTest1/SocialTestLibraryTest1-Info.plist";
				IPHONEOS_DEPLOYMENT_TARGET = 5.1;
				OTHER_LDFLAGS = (
					"-ObjC",
					"-all_load",
					"-weak_library",
					/usr/lib/libobjc.A.dylib,
					"-lsqlite3.0",
				);
				PRODUCT_NAME = "$(TARGET_NAME)";
				SDKROOT = iphoneos6.0;
				WRAPPER_EXTENSION = app;
			};
			name = Debug;
		};
		9BEE2E21166348AD00138C54 /* Release */ = {
			isa = XCBuildConfiguration;
			buildSettings = {
				FRAMEWORK_SEARCH_PATHS = (
					"$(inherited)",
					"$(SRCROOT)",
					"\\\"$(SRCROOT)/../../../../../../FacebookSDK\\\"",
					/Users/dbgmacmini2dbg/Documents/MyFolder/DeveloperWork/Git/Iphone/Examples/SocialConnectLibrary/SocialTestLibraryTest1,
				);
				GCC_PRECOMPILE_PREFIX_HEADER = YES;
				GCC_PREFIX_HEADER = "SocialTestLibraryTest1/SocialTestLibraryTest1-Prefix.pch";
				INFOPLIST_FILE = "SocialTestLibraryTest1/SocialTestLibraryTest1-Info.plist";
				IPHONEOS_DEPLOYMENT_TARGET = 5.1;
				OTHER_LDFLAGS = (
					"-ObjC",
					"-all_load",
					"-weak_library",
					/usr/lib/libobjc.A.dylib,
					"-lsqlite3.0",
				);
				PRODUCT_NAME = "$(TARGET_NAME)";
				SDKROOT = iphoneos6.0;
				WRAPPER_EXTENSION = app;
			};
			name = Release;
		};
/* End XCBuildConfiguration section */

/* Begin XCConfigurationList section */
		9BEE2DF5166348AD00138C54 /* Build configuration list for PBXProject "SocialTestLibraryTest1" */ = {
			isa = XCConfigurationList;
			buildConfigurations = (
				9BEE2E1D166348AD00138C54 /* Debug */,
				9BEE2E1E166348AD00138C54 /* Release */,
			);
			defaultConfigurationIsVisible = 0;
			defaultConfigurationName = Release;
		};
		9BEE2E1F166348AD00138C54 /* Build configuration list for PBXNativeTarget "SocialTestLibraryTest1" */ = {
			isa = XCConfigurationList;
			buildConfigurations = (
				9BEE2E20166348AD00138C54 /* Debug */,
				9BEE2E21166348AD00138C54 /* Release */,
			);
			defaultConfigurationIsVisible = 0;
			defaultConfigurationName = Release;
		};
/* End XCConfigurationList section */
	};
	rootObject = 9BEE2DF2166348AD00138C54 /* Project object */;
}
